// !$*UTF8*$!
{
	archiveVersion = 1;
	classes = {
	};
	objectVersion = 56;
	objects = {

/* Begin PBXBuildFile section */
		8282F69C294F264600E82874 /* FeedCell.swift in Sources */ = {isa = PBXBuildFile; fileRef = 8282F69B294F264600E82874 /* FeedCell.swift */; };
		828D5EBD294F5D3900129AD9 /* SDWebImage in Frameworks */ = {isa = PBXBuildFile; productRef = 828D5EBC294F5D3900129AD9 /* SDWebImage */; };
		828D5EBF294F5D3900129AD9 /* SDWebImageMapKit in Frameworks */ = {isa = PBXBuildFile; productRef = 828D5EBE294F5D3900129AD9 /* SDWebImageMapKit */; };
		829A4F8F294CF822000C643D /* AppDelegate.swift in Sources */ = {isa = PBXBuildFile; fileRef = 829A4F8E294CF822000C643D /* AppDelegate.swift */; };
		829A4F91294CF822000C643D /* SceneDelegate.swift in Sources */ = {isa = PBXBuildFile; fileRef = 829A4F90294CF822000C643D /* SceneDelegate.swift */; };
		829A4F93294CF822000C643D /* ViewController.swift in Sources */ = {isa = PBXBuildFile; fileRef = 829A4F92294CF822000C643D /* ViewController.swift */; };
		829A4F96294CF822000C643D /* Main.storyboard in Resources */ = {isa = PBXBuildFile; fileRef = 829A4F94294CF822000C643D /* Main.storyboard */; };
		829A4F98294CF823000C643D /* Assets.xcassets in Resources */ = {isa = PBXBuildFile; fileRef = 829A4F97294CF823000C643D /* Assets.xcassets */; };
		829A4F9B294CF823000C643D /* LaunchScreen.storyboard in Resources */ = {isa = PBXBuildFile; fileRef = 829A4F99294CF823000C643D /* LaunchScreen.storyboard */; };
		829A4FA3294CFACB000C643D /* GoogleService-Info.plist in Resources */ = {isa = PBXBuildFile; fileRef = 829A4FA2294CFACB000C643D /* GoogleService-Info.plist */; };
		82EDE846294DB05000325082 /* FirebaseAuth in Frameworks */ = {isa = PBXBuildFile; productRef = 82EDE845294DB05000325082 /* FirebaseAuth */; };
		82EDE848294DB05000325082 /* FirebaseFirestore in Frameworks */ = {isa = PBXBuildFile; productRef = 82EDE847294DB05000325082 /* FirebaseFirestore */; };
		82EDE84A294DB05000325082 /* FirebaseStorage in Frameworks */ = {isa = PBXBuildFile; productRef = 82EDE849294DB05000325082 /* FirebaseStorage */; };
		82EDE84C294DC05C00325082 /* settingsViewController.swift in Sources */ = {isa = PBXBuildFile; fileRef = 82EDE84B294DC05C00325082 /* settingsViewController.swift */; };
		82EDE84E294DC06900325082 /* feedViewController.swift in Sources */ = {isa = PBXBuildFile; fileRef = 82EDE84D294DC06900325082 /* feedViewController.swift */; };
		82EDE850294DC07300325082 /* uploadViewController.swift in Sources */ = {isa = PBXBuildFile; fileRef = 82EDE84F294DC07300325082 /* uploadViewController.swift */; };
/* End PBXBuildFile section */

/* Begin PBXFileReference section */
		8282F69B294F264600E82874 /* FeedCell.swift */ = {isa = PBXFileReference; lastKnownFileType = sourcecode.swift; path = FeedCell.swift; sourceTree = "<group>"; };
		829A4F8B294CF822000C643D /* FotografPaylasimUygulamasi.app */ = {isa = PBXFileReference; explicitFileType = wrapper.application; includeInIndex = 0; path = FotografPaylasimUygulamasi.app; sourceTree = BUILT_PRODUCTS_DIR; };
		829A4F8E294CF822000C643D /* AppDelegate.swift */ = {isa = PBXFileReference; lastKnownFileType = sourcecode.swift; path = AppDelegate.swift; sourceTree = "<group>"; };
		829A4F90294CF822000C643D /* SceneDelegate.swift */ = {isa = PBXFileReference; lastKnownFileType = sourcecode.swift; path = SceneDelegate.swift; sourceTree = "<group>"; };
		829A4F92294CF822000C643D /* ViewController.swift */ = {isa = PBXFileReference; lastKnownFileType = sourcecode.swift; path = ViewController.swift; sourceTree = "<group>"; };
		829A4F95294CF822000C643D /* Base */ = {isa = PBXFileReference; lastKnownFileType = file.storyboard; name = Base; path = Base.lproj/Main.storyboard; sourceTree = "<group>"; };
		829A4F97294CF823000C643D /* Assets.xcassets */ = {isa = PBXFileReference; lastKnownFileType = folder.assetcatalog; path = Assets.xcassets; sourceTree = "<group>"; };
		829A4F9A294CF823000C643D /* Base */ = {isa = PBXFileReference; lastKnownFileType = file.storyboard; name = Base; path = Base.lproj/LaunchScreen.storyboard; sourceTree = "<group>"; };
		829A4F9C294CF823000C643D /* Info.plist */ = {isa = PBXFileReference; lastKnownFileType = text.plist.xml; path = Info.plist; sourceTree = "<group>"; };
		829A4FA2294CFACB000C643D /* GoogleService-Info.plist */ = {isa = PBXFileReference; fileEncoding = 4; lastKnownFileType = text.plist.xml; path = "GoogleService-Info.plist"; sourceTree = "<group>"; };
		82EDE84B294DC05C00325082 /* settingsViewController.swift */ = {isa = PBXFileReference; lastKnownFileType = sourcecode.swift; path = settingsViewController.swift; sourceTree = "<group>"; };
		82EDE84D294DC06900325082 /* feedViewController.swift */ = {isa = PBXFileReference; lastKnownFileType = sourcecode.swift; path = feedViewController.swift; sourceTree = "<group>"; };
		82EDE84F294DC07300325082 /* uploadViewController.swift */ = {isa = PBXFileReference; lastKnownFileType = sourcecode.swift; path = uploadViewController.swift; sourceTree = "<group>"; };
/* End PBXFileReference section */

/* Begin PBXFrameworksBuildPhase section */
		829A4F88294CF822000C643D /* Frameworks */ = {
			isa = PBXFrameworksBuildPhase;
			buildActionMask = 2147483647;
			files = (
				82EDE846294DB05000325082 /* FirebaseAuth in Frameworks */,
				828D5EBF294F5D3900129AD9 /* SDWebImageMapKit in Frameworks */,
				82EDE848294DB05000325082 /* FirebaseFirestore in Frameworks */,
				828D5EBD294F5D3900129AD9 /* SDWebImage in Frameworks */,
				82EDE84A294DB05000325082 /* FirebaseStorage in Frameworks */,
			);
			runOnlyForDeploymentPostprocessing = 0;
		};
/* End PBXFrameworksBuildPhase section */

/* Begin PBXGroup section */
		829A4F82294CF822000C643D = {
			isa = PBXGroup;
			children = (
				829A4F8D294CF822000C643D /* FotografPaylasimUygulamasi */,
				829A4F8C294CF822000C643D /* Products */,
			);
			sourceTree = "<group>";
		};
		829A4F8C294CF822000C643D /* Products */ = {
			isa = PBXGroup;
			children = (
				829A4F8B294CF822000C643D /* FotografPaylasimUygulamasi.app */,
			);
			name = Products;
			sourceTree = "<group>";
		};
		829A4F8D294CF822000C643D /* FotografPaylasimUygulamasi */ = {
			isa = PBXGroup;
			children = (
				829A4F8E294CF822000C643D /* AppDelegate.swift */,
				829A4F90294CF822000C643D /* SceneDelegate.swift */,
				829A4F92294CF822000C643D /* ViewController.swift */,
				82EDE84F294DC07300325082 /* uploadViewController.swift */,
				82EDE84D294DC06900325082 /* feedViewController.swift */,
				82EDE84B294DC05C00325082 /* settingsViewController.swift */,
				8282F69B294F264600E82874 /* FeedCell.swift */,
				829A4F94294CF822000C643D /* Main.storyboard */,
				829A4F97294CF823000C643D /* Assets.xcassets */,
				829A4F99294CF823000C643D /* LaunchScreen.storyboard */,
				829A4FA2294CFACB000C643D /* GoogleService-Info.plist */,
				829A4F9C294CF823000C643D /* Info.plist */,
			);
			path = FotografPaylasimUygulamasi;
			sourceTree = "<group>";
		};
/* End PBXGroup section */

/* Begin PBXNativeTarget section */
		829A4F8A294CF822000C643D /* FotografPaylasimUygulamasi */ = {
			isa = PBXNativeTarget;
			buildConfigurationList = 829A4F9F294CF823000C643D /* Build configuration list for PBXNativeTarget "FotografPaylasimUygulamasi" */;
			buildPhases = (
				829A4F87294CF822000C643D /* Sources */,
				829A4F88294CF822000C643D /* Frameworks */,
				829A4F89294CF822000C643D /* Resources */,
			);
			buildRules = (
			);
			dependencies = (
			);
			name = FotografPaylasimUygulamasi;
			packageProductDependencies = (
				82EDE845294DB05000325082 /* FirebaseAuth */,
				82EDE847294DB05000325082 /* FirebaseFirestore */,
				82EDE849294DB05000325082 /* FirebaseStorage */,
				828D5EBC294F5D3900129AD9 /* SDWebImage */,
				828D5EBE294F5D3900129AD9 /* SDWebImageMapKit */,
			);
			productName = FotografPaylasimUygulamasi;
			productReference = 829A4F8B294CF822000C643D /* FotografPaylasimUygulamasi.app */;
			productType = "com.apple.product-type.application";
		};
/* End PBXNativeTarget section */

/* Begin PBXProject section */
		829A4F83294CF822000C643D /* Project object */ = {
			isa = PBXProject;
			attributes = {
				BuildIndependentTargetsInParallel = 1;
				LastSwiftUpdateCheck = 1400;
				LastUpgradeCheck = 1400;
				TargetAttributes = {
					829A4F8A294CF822000C643D = {
						CreatedOnToolsVersion = 14.0.1;
					};
				};
			};
			buildConfigurationList = 829A4F86294CF822000C643D /* Build configuration list for PBXProject "FotografPaylasimUygulamasi" */;
			compatibilityVersion = "Xcode 14.0";
			developmentRegion = en;
			hasScannedForEncodings = 0;
			knownRegions = (
				en,
				Base,
			);
			mainGroup = 829A4F82294CF822000C643D;
			packageReferences = (
				82EDE844294DB05000325082 /* XCRemoteSwiftPackageReference "firebase-ios-sdk" */,
				828D5EBB294F5D3900129AD9 /* XCRemoteSwiftPackageReference "SDWebImage" */,
			);
			productRefGroup = 829A4F8C294CF822000C643D /* Products */;
			projectDirPath = "";
			projectRoot = "";
			targets = (
				829A4F8A294CF822000C643D /* FotografPaylasimUygulamasi */,
			);
		};
/* End PBXProject section */

/* Begin PBXResourcesBuildPhase section */
		829A4F89294CF822000C643D /* Resources */ = {
			isa = PBXResourcesBuildPhase;
			buildActionMask = 2147483647;
			files = (
				829A4F9B294CF823000C643D /* LaunchScreen.storyboard in Resources */,
				829A4FA3294CFACB000C643D /* GoogleService-Info.plist in Resources */,
				829A4F98294CF823000C643D /* Assets.xcassets in Resources */,
				829A4F96294CF822000C643D /* Main.storyboard in Resources */,
			);
			runOnlyForDeploymentPostprocessing = 0;
		};
/* End PBXResourcesBuildPhase section */

/* Begin PBXSourcesBuildPhase section */
		829A4F87294CF822000C643D /* Sources */ = {
			isa = PBXSourcesBuildPhase;
			buildActionMask = 2147483647;
			files = (
				8282F69C294F264600E82874 /* FeedCell.swift in Sources */,
				82EDE84E294DC06900325082 /* feedViewController.swift in Sources */,
				829A4F93294CF822000C643D /* ViewController.swift in Sources */,
				829A4F8F294CF822000C643D /* AppDelegate.swift in Sources */,
				82EDE850294DC07300325082 /* uploadViewController.swift in Sources */,
				829A4F91294CF822000C643D /* SceneDelegate.swift in Sources */,
				82EDE84C294DC05C00325082 /* settingsViewController.swift in Sources */,
			);
			runOnlyForDeploymentPostprocessing = 0;
		};
/* End PBXSourcesBuildPhase section */

/* Begin PBXVariantGroup section */
		829A4F94294CF822000C643D /* Main.storyboard */ = {
			isa = PBXVariantGroup;
			children = (
				829A4F95294CF822000C643D /* Base */,
			);
			name = Main.storyboard;
			sourceTree = "<group>";
		};
		829A4F99294CF823000C643D /* LaunchScreen.storyboard */ = {
			isa = PBXVariantGroup;
			children = (
				829A4F9A294CF823000C643D /* Base */,
			);
			name = LaunchScreen.storyboard;
			sourceTree = "<group>";
		};
/* End PBXVariantGroup section */

/* Begin XCBuildConfiguration section */
		829A4F9D294CF823000C643D /* Debug */ = {
			isa = XCBuildConfiguration;
			buildSettings = {
				ALWAYS_SEARCH_USER_PATHS = NO;
				CLANG_ANALYZER_NONNULL = YES;
				CLANG_ANALYZER_NUMBER_OBJECT_CONVERSION = YES_AGGRESSIVE;
				CLANG_CXX_LANGUAGE_STANDARD = "gnu++20";
				CLANG_ENABLE_MODULES = YES;
				CLANG_ENABLE_OBJC_ARC = YES;
				CLANG_ENABLE_OBJC_WEAK = YES;
				CLANG_WARN_BLOCK_CAPTURE_AUTORELEASING = YES;
				CLANG_WARN_BOOL_CONVERSION = YES;
				CLANG_WARN_COMMA = YES;
				CLANG_WARN_CONSTANT_CONVERSION = YES;
				CLANG_WARN_DEPRECATED_OBJC_IMPLEMENTATIONS = YES;
				CLANG_WARN_DIRECT_OBJC_ISA_USAGE = YES_ERROR;
				CLANG_WARN_DOCUMENTATION_COMMENTS = YES;
				CLANG_WARN_EMPTY_BODY = YES;
				CLANG_WARN_ENUM_CONVERSION = YES;
				CLANG_WARN_INFINITE_RECURSION = YES;
				CLANG_WARN_INT_CONVERSION = YES;
				CLANG_WARN_NON_LITERAL_NULL_CONVERSION = YES;
				CLANG_WARN_OBJC_IMPLICIT_RETAIN_SELF = YES;
				CLANG_WARN_OBJC_LITERAL_CONVERSION = YES;
				CLANG_WARN_OBJC_ROOT_CLASS = YES_ERROR;
				CLANG_WARN_QUOTED_INCLUDE_IN_FRAMEWORK_HEADER = YES;
				CLANG_WARN_RANGE_LOOP_ANALYSIS = YES;
				CLANG_WARN_STRICT_PROTOTYPES = YES;
				CLANG_WARN_SUSPICIOUS_MOVE = YES;
				CLANG_WARN_UNGUARDED_AVAILABILITY = YES_AGGRESSIVE;
				CLANG_WARN_UNREACHABLE_CODE = YES;
				CLANG_WARN__DUPLICATE_METHOD_MATCH = YES;
				COPY_PHASE_STRIP = NO;
				DEBUG_INFORMATION_FORMAT = dwarf;
				ENABLE_STRICT_OBJC_MSGSEND = YES;
				ENABLE_TESTABILITY = YES;
				GCC_C_LANGUAGE_STANDARD = gnu11;
				GCC_DYNAMIC_NO_PIC = NO;
				GCC_NO_COMMON_BLOCKS = YES;
				GCC_OPTIMIZATION_LEVEL = 0;
				GCC_PREPROCESSOR_DEFINITIONS = (
					"DEBUG=1",
					"$(inherited)",
				);
				GCC_WARN_64_TO_32_BIT_CONVERSION = YES;
				GCC_WARN_ABOUT_RETURN_TYPE = YES_ERROR;
				GCC_WARN_UNDECLARED_SELECTOR = YES;
				GCC_WARN_UNINITIALIZED_AUTOS = YES_AGGRESSIVE;
				GCC_WARN_UNUSED_FUNCTION = YES;
				GCC_WARN_UNUSED_VARIABLE = YES;
				IPHONEOS_DEPLOYMENT_TARGET = 16.0;
				MTL_ENABLE_DEBUG_INFO = INCLUDE_SOURCE;
				MTL_FAST_MATH = YES;
				ONLY_ACTIVE_ARCH = YES;
				SDKROOT = iphoneos;
				SWIFT_ACTIVE_COMPILATION_CONDITIONS = DEBUG;
				SWIFT_OPTIMIZATION_LEVEL = "-Onone";
			};
			name = Debug;
		};
		829A4F9E294CF823000C643D /* Release */ = {
			isa = XCBuildConfiguration;
			buildSettings = {
				ALWAYS_SEARCH_USER_PATHS = NO;
				CLANG_ANALYZER_NONNULL = YES;
				CLANG_ANALYZER_NUMBER_OBJECT_CONVERSION = YES_AGGRESSIVE;
				CLANG_CXX_LANGUAGE_STANDARD = "gnu++20";
				CLANG_ENABLE_MODULES = YES;
				CLANG_ENABLE_OBJC_ARC = YES;
				CLANG_ENABLE_OBJC_WEAK = YES;
				CLANG_WARN_BLOCK_CAPTURE_AUTORELEASING = YES;
				CLANG_WARN_BOOL_CONVERSION = YES;
				CLANG_WARN_COMMA = YES;
				CLANG_WARN_CONSTANT_CONVERSION = YES;
				CLANG_WARN_DEPRECATED_OBJC_IMPLEMENTATIONS = YES;
				CLANG_WARN_DIRECT_OBJC_ISA_USAGE = YES_ERROR;
				CLANG_WARN_DOCUMENTATION_COMMENTS = YES;
				CLANG_WARN_EMPTY_BODY = YES;
				CLANG_WARN_ENUM_CONVERSION = YES;
				CLANG_WARN_INFINITE_RECURSION = YES;
				CLANG_WARN_INT_CONVERSION = YES;
				CLANG_WARN_NON_LITERAL_NULL_CONVERSION = YES;
				CLANG_WARN_OBJC_IMPLICIT_RETAIN_SELF = YES;
				CLANG_WARN_OBJC_LITERAL_CONVERSION = YES;
				CLANG_WARN_OBJC_ROOT_CLASS = YES_ERROR;
				CLANG_WARN_QUOTED_INCLUDE_IN_FRAMEWORK_HEADER = YES;
				CLANG_WARN_RANGE_LOOP_ANALYSIS = YES;
				CLANG_WARN_STRICT_PROTOTYPES = YES;
				CLANG_WARN_SUSPICIOUS_MOVE = YES;
				CLANG_WARN_UNGUARDED_AVAILABILITY = YES_AGGRESSIVE;
				CLANG_WARN_UNREACHABLE_CODE = YES;
				CLANG_WARN__DUPLICATE_METHOD_MATCH = YES;
				COPY_PHASE_STRIP = NO;
				DEBUG_INFORMATION_FORMAT = "dwarf-with-dsym";
				ENABLE_NS_ASSERTIONS = NO;
				ENABLE_STRICT_OBJC_MSGSEND = YES;
				GCC_C_LANGUAGE_STANDARD = gnu11;
				GCC_NO_COMMON_BLOCKS = YES;
				GCC_WARN_64_TO_32_BIT_CONVERSION = YES;
				GCC_WARN_ABOUT_RETURN_TYPE = YES_ERROR;
				GCC_WARN_UNDECLARED_SELECTOR = YES;
				GCC_WARN_UNINITIALIZED_AUTOS = YES_AGGRESSIVE;
				GCC_WARN_UNUSED_FUNCTION = YES;
				GCC_WARN_UNUSED_VARIABLE = YES;
				IPHONEOS_DEPLOYMENT_TARGET = 16.0;
				MTL_ENABLE_DEBUG_INFO = NO;
				MTL_FAST_MATH = YES;
				SDKROOT = iphoneos;
				SWIFT_COMPILATION_MODE = wholemodule;
				SWIFT_OPTIMIZATION_LEVEL = "-O";
				VALIDATE_PRODUCT = YES;
			};
			name = Release;
		};
		829A4FA0294CF823000C643D /* Debug */ = {
			isa = XCBuildConfiguration;
			buildSettings = {
				ASSETCATALOG_COMPILER_APPICON_NAME = AppIcon;
				ASSETCATALOG_COMPILER_GLOBAL_ACCENT_COLOR_NAME = AccentColor;
				CODE_SIGN_STYLE = Automatic;
				CURRENT_PROJECT_VERSION = 1;
				DEVELOPMENT_TEAM = 96CFCGZ8M8;
				GENERATE_INFOPLIST_FILE = YES;
				INFOPLIST_FILE = FotografPaylasimUygulamasi/Info.plist;
				INFOPLIST_KEY_UIApplicationSupportsIndirectInputEvents = YES;
				INFOPLIST_KEY_UILaunchStoryboardName = LaunchScreen;
				INFOPLIST_KEY_UIMainStoryboardFile = Main;
				INFOPLIST_KEY_UISupportedInterfaceOrientations_iPad = "UIInterfaceOrientationPortrait UIInterfaceOrientationPortraitUpsideDown UIInterfaceOrientationLandscapeLeft UIInterfaceOrientationLandscapeRight";
				INFOPLIST_KEY_UISupportedInterfaceOrientations_iPhone = "UIInterfaceOrientationPortrait UIInterfaceOrientationLandscapeLeft UIInterfaceOrientationLandscapeRight";
				LD_RUNPATH_SEARCH_PATHS = (
					"$(inherited)",
					"@executable_path/Frameworks",
				);
				MARKETING_VERSION = 1.0;
				PRODUCT_BUNDLE_IDENTIFIER = com.emincetin.FotografPaylasimUygulamasi;
				PRODUCT_NAME = "$(TARGET_NAME)";
				SWIFT_EMIT_LOC_STRINGS = YES;
				SWIFT_VERSION = 5.0;
				TARGETED_DEVICE_FAMILY = "1,2";
			};
			name = Debug;
		};
		829A4FA1294CF823000C643D /* Release */ = {
			isa = XCBuildConfiguration;
			buildSettings = {
				ASSETCATALOG_COMPILER_APPICON_NAME = AppIcon;
				ASSETCATALOG_COMPILER_GLOBAL_ACCENT_COLOR_NAME = AccentColor;
				CODE_SIGN_STYLE = Automatic;
				CURRENT_PROJECT_VERSION = 1;
				DEVELOPMENT_TEAM = 96CFCGZ8M8;
				GENERATE_INFOPLIST_FILE = YES;
				INFOPLIST_FILE = FotografPaylasimUygulamasi/Info.plist;
				INFOPLIST_KEY_UIApplicationSupportsIndirectInputEvents = YES;
				INFOPLIST_KEY_UILaunchStoryboardName = LaunchScreen;
				INFOPLIST_KEY_UIMainStoryboardFile = Main;
				INFOPLIST_KEY_UISupportedInterfaceOrientations_iPad = "UIInterfaceOrientationPortrait UIInterfaceOrientationPortraitUpsideDown UIInterfaceOrientationLandscapeLeft UIInterfaceOrientationLandscapeRight";
				INFOPLIST_KEY_UISupportedInterfaceOrientations_iPhone = "UIInterfaceOrientationPortrait UIInterfaceOrientationLandscapeLeft UIInterfaceOrientationLandscapeRight";
				LD_RUNPATH_SEARCH_PATHS = (
					"$(inherited)",
					"@executable_path/Frameworks",
				);
				MARKETING_VERSION = 1.0;
				PRODUCT_BUNDLE_IDENTIFIER = com.emincetin.FotografPaylasimUygulamasi;
				PRODUCT_NAME = "$(TARGET_NAME)";
				SWIFT_EMIT_LOC_STRINGS = YES;
				SWIFT_VERSION = 5.0;
				TARGETED_DEVICE_FAMILY = "1,2";
			};
			name = Release;
		};
/* End XCBuildConfiguration section */

/* Begin XCConfigurationList section */
		829A4F86294CF822000C643D /* Build configuration list for PBXProject "FotografPaylasimUygulamasi" */ = {
			isa = XCConfigurationList;
			buildConfigurations = (
				829A4F9D294CF823000C643D /* Debug */,
				829A4F9E294CF823000C643D /* Release */,
			);
			defaultConfigurationIsVisible = 0;
			defaultConfigurationName = Release;
		};
		829A4F9F294CF823000C643D /* Build configuration list for PBXNativeTarget "FotografPaylasimUygulamasi" */ = {
			isa = XCConfigurationList;
			buildConfigurations = (
				829A4FA0294CF823000C643D /* Debug */,
				829A4FA1294CF823000C643D /* Release */,
			);
			defaultConfigurationIsVisible = 0;
			defaultConfigurationName = Release;
		};
/* End XCConfigurationList section */

/* Begin XCRemoteSwiftPackageReference section */
		828D5EBB294F5D3900129AD9 /* XCRemoteSwiftPackageReference "SDWebImage" */ = {
			isa = XCRemoteSwiftPackageReference;
			repositoryURL = "https://github.com/SDWebImage/SDWebImage";
			requirement = {
				kind = upToNextMajorVersion;
				minimumVersion = 5.0.0;
			};
		};
		82EDE844294DB05000325082 /* XCRemoteSwiftPackageReference "firebase-ios-sdk" */ = {
			isa = XCRemoteSwiftPackageReference;
			repositoryURL = "https://github.com/firebase/firebase-ios-sdk";
			requirement = {
				kind = upToNextMajorVersion;
				minimumVersion = 9.0.0;
			};
		};
/* End XCRemoteSwiftPackageReference section */

/* Begin XCSwiftPackageProductDependency section */
		828D5EBC294F5D3900129AD9 /* SDWebImage */ = {
			isa = XCSwiftPackageProductDependency;
			package = 828D5EBB294F5D3900129AD9 /* XCRemoteSwiftPackageReference "SDWebImage" */;
			productName = SDWebImage;
		};
		828D5EBE294F5D3900129AD9 /* SDWebImageMapKit */ = {
			isa = XCSwiftPackageProductDependency;
			package = 828D5EBB294F5D3900129AD9 /* XCRemoteSwiftPackageReference "SDWebImage" */;
			productName = SDWebImageMapKit;
		};
		82EDE845294DB05000325082 /* FirebaseAuth */ = {
			isa = XCSwiftPackageProductDependency;
			package = 82EDE844294DB05000325082 /* XCRemoteSwiftPackageReference "firebase-ios-sdk" */;
			productName = FirebaseAuth;
		};
		82EDE847294DB05000325082 /* FirebaseFirestore */ = {
			isa = XCSwiftPackageProductDependency;
			package = 82EDE844294DB05000325082 /* XCRemoteSwiftPackageReference "firebase-ios-sdk" */;
			productName = FirebaseFirestore;
		};
		82EDE849294DB05000325082 /* FirebaseStorage */ = {
			isa = XCSwiftPackageProductDependency;
			package = 82EDE844294DB05000325082 /* XCRemoteSwiftPackageReference "firebase-ios-sdk" */;
			productName = FirebaseStorage;
		};
/* End XCSwiftPackageProductDependency section */
	};
	rootObject = 829A4F83294CF822000C643D /* Project object */;
}
